Microsoft Visual Studio Solution File, Format Version 12.00
# Visual Studio Version 17
VisualStudioVersion = 17.5.2.0
MinimumVisualStudioVersion = 10.0.40219.1
Project("{FAE04EC0-301F-11D3-BF4B-00C04F79EFBC}") = "PacktLibrary", "PacktLibrary\PacktLibrary.csproj", "{EE299A54-242F-0CB1-3C77-12C9993C3C45}"
EndProject
Project("{FAE04EC0-301F-11D3-BF4B-00C04F79EFBC}") = "PeopleApp", "PeopleApp\PeopleApp.csproj", "{9B9F7974-AFF6-4828-A121-4E21D2B86345}"
EndProject
Global
	GlobalSection(SolutionConfigurationPlatforms) = preSolution
		Debug|Any CPU = Debug|Any CPU
		Release|Any CPU = Release|Any CPU
	EndGlobalSection
	GlobalSection(ProjectConfigurationPlatforms) = postSolution
		{EE299A54-242F-0CB1-3C77-12C9993C3C45}.Debug|Any CPU.ActiveCfg = Debug|Any CPU
		{EE299A54-242F-0CB1-3C77-12C9993C3C45}.Debug|Any CPU.Build.0 = Debug|Any CPU
		{EE299A54-242F-0CB1-3C77-12C9993C3C45}.Release|Any CPU.ActiveCfg = Release|Any CPU
		{EE299A54-242F-0CB1-3C77-12C9993C3C45}.Release|Any CPU.Build.0 = Release|Any CPU
		{9B9F7974-AFF6-4828-A121-4E21D2B86345}.Debug|Any CPU.ActiveCfg = Debug|Any CPU
		{9B9F7974-AFF6-4828-A121-4E21D2B86345}.Debug|Any CPU.Build.0 = Debug|Any CPU
		{9B9F7974-AFF6-4828-A121-4E21D2B86345}.Release|Any CPU.ActiveCfg = Release|Any CPU
		{9B9F7974-AFF6-4828-A121-4E21D2B86345}.Release|Any CPU.Build.0 = Release|Any CPU
	EndGlobalSection
	GlobalSection(SolutionProperties) = preSolution
		HideSolutionNode = FALSE
	EndGlobalSection
	GlobalSection(ExtensibilityGlobals) = postSolution
		SolutionGuid = {8D5B8C36-356D-4B41-992D-CE378E58F329}
	EndGlobalSection
EndGlobal
