Microsoft Visual Studio Solution File, Format Version 12.00
# Visual Studio Version 17
VisualStudioVersion = 17.5.2.0
MinimumVisualStudioVersion = 10.0.40219.1
Project("{FAE04EC0-301F-11D3-BF4B-00C04F79EFBC}") = "Vocabulary", "Vocabulary\Vocabulary.csproj", "{E22CE61F-11FE-B03E-19A1-9718F73B2179}"
EndProject
Project("{FAE04EC0-301F-11D3-BF4B-00C04F79EFBC}") = "Numbers", "Numbers\Numbers.csproj", "{D6373F63-DB87-4647-9F67-81786FA66F39}"
EndProject
Project("{FAE04EC0-301F-11D3-BF4B-00C04F79EFBC}") = "Variables", "Variables\Variables.csproj", "{FFD8B091-80FD-4C83-B4E7-3BD48787010D}"
EndProject
Project("{FAE04EC0-301F-11D3-BF4B-00C04F79EFBC}") = "Formatting", "Formatting\Formatting.csproj", "{A835B0D9-0938-446F-BE48-8EB7BD833D63}"
EndProject
Project("{FAE04EC0-301F-11D3-BF4B-00C04F79EFBC}") = "Arguments", "Arguments\Arguments.csproj", "{91504256-B49A-4D9C-A3B7-4ABDA4B54757}"
EndProject
Project("{FAE04EC0-301F-11D3-BF4B-00C04F79EFBC}") = "Operators", "..\Chapter03\Operators\Operators.csproj", "{788FD283-0EB1-41E0-A0BB-36185D6B0EEB}"
EndProject
Global
	GlobalSection(SolutionConfigurationPlatforms) = preSolution
		Debug|Any CPU = Debug|Any CPU
		Release|Any CPU = Release|Any CPU
	EndGlobalSection
	GlobalSection(ProjectConfigurationPlatforms) = postSolution
		{E22CE61F-11FE-B03E-19A1-9718F73B2179}.Debug|Any CPU.ActiveCfg = Debug|Any CPU
		{E22CE61F-11FE-B03E-19A1-9718F73B2179}.Debug|Any CPU.Build.0 = Debug|Any CPU
		{E22CE61F-11FE-B03E-19A1-9718F73B2179}.Release|Any CPU.ActiveCfg = Release|Any CPU
		{E22CE61F-11FE-B03E-19A1-9718F73B2179}.Release|Any CPU.Build.0 = Release|Any CPU
		{D6373F63-DB87-4647-9F67-81786FA66F39}.Debug|Any CPU.ActiveCfg = Debug|Any CPU
		{D6373F63-DB87-4647-9F67-81786FA66F39}.Debug|Any CPU.Build.0 = Debug|Any CPU
		{D6373F63-DB87-4647-9F67-81786FA66F39}.Release|Any CPU.ActiveCfg = Release|Any CPU
		{D6373F63-DB87-4647-9F67-81786FA66F39}.Release|Any CPU.Build.0 = Release|Any CPU
		{FFD8B091-80FD-4C83-B4E7-3BD48787010D}.Debug|Any CPU.ActiveCfg = Debug|Any CPU
		{FFD8B091-80FD-4C83-B4E7-3BD48787010D}.Debug|Any CPU.Build.0 = Debug|Any CPU
		{FFD8B091-80FD-4C83-B4E7-3BD48787010D}.Release|Any CPU.ActiveCfg = Release|Any CPU
		{FFD8B091-80FD-4C83-B4E7-3BD48787010D}.Release|Any CPU.Build.0 = Release|Any CPU
		{A835B0D9-0938-446F-BE48-8EB7BD833D63}.Debug|Any CPU.ActiveCfg = Debug|Any CPU
		{A835B0D9-0938-446F-BE48-8EB7BD833D63}.Debug|Any CPU.Build.0 = Debug|Any CPU
		{A835B0D9-0938-446F-BE48-8EB7BD833D63}.Release|Any CPU.ActiveCfg = Release|Any CPU
		{A835B0D9-0938-446F-BE48-8EB7BD833D63}.Release|Any CPU.Build.0 = Release|Any CPU
		{91504256-B49A-4D9C-A3B7-4ABDA4B54757}.Debug|Any CPU.ActiveCfg = Debug|Any CPU
		{91504256-B49A-4D9C-A3B7-4ABDA4B54757}.Debug|Any CPU.Build.0 = Debug|Any CPU
		{91504256-B49A-4D9C-A3B7-4ABDA4B54757}.Release|Any CPU.ActiveCfg = Release|Any CPU
		{91504256-B49A-4D9C-A3B7-4ABDA4B54757}.Release|Any CPU.Build.0 = Release|Any CPU
		{788FD283-0EB1-41E0-A0BB-36185D6B0EEB}.Debug|Any CPU.ActiveCfg = Debug|Any CPU
		{788FD283-0EB1-41E0-A0BB-36185D6B0EEB}.Debug|Any CPU.Build.0 = Debug|Any CPU
		{788FD283-0EB1-41E0-A0BB-36185D6B0EEB}.Release|Any CPU.ActiveCfg = Release|Any CPU
		{788FD283-0EB1-41E0-A0BB-36185D6B0EEB}.Release|Any CPU.Build.0 = Release|Any CPU
	EndGlobalSection
	GlobalSection(SolutionProperties) = preSolution
		HideSolutionNode = FALSE
	EndGlobalSection
	GlobalSection(ExtensibilityGlobals) = postSolution
		SolutionGuid = {65793C24-5B43-4549-8638-5D77ABB4CADF}
	EndGlobalSection
EndGlobal
